{
  "version": "5",
  "specifiers": {
    "jsr:@negrel/http-ece@0.7.0": "0.7.0",
    "jsr:@negrel/webpush@0.5": "0.5.0",
    "jsr:@std/bytes@1": "1.0.6",
    "jsr:@std/cli@^1.0.31": "1.0.32",
    "jsr:@std/encoding@1": "1.0.11",
    "jsr:@std/encoding@^1.0.11": "1.0.11",
    "jsr:@std/fmt@^1.0.10": "1.0.10",
    "jsr:@std/fs@*": "1.0.24",
    "jsr:@std/fs@1": "1.0.24",
    "jsr:@std/fs@^1.0.24": "1.0.24",
    "jsr:@std/html@^1.0.7": "1.0.7",
    "jsr:@std/http@1": "1.1.2",
    "jsr:@std/internal@^1.0.14": "1.0.14",
    "jsr:@std/media-types@^1.1.0": "1.1.0",
    "jsr:@std/net@^1.0.6": "1.0.6",
    "jsr:@std/path@*": "1.1.6",
    "jsr:@std/path@1": "1.1.6",
    "jsr:@std/path@^1.1.5": "1.1.6",
    "jsr:@std/path@^1.1.6": "1.1.6",
    "jsr:@std/streams@^1.1.1": "1.1.1"
  },
  "jsr": {
    "@negrel/http-ece@0.7.0": {
      "integrity": "068e61ba6f52da5454051a283cc19621607f8dd6e74d55c01bb365b8c6644076",
      "dependencies": [
        "jsr:@std/bytes",
        "jsr:@std/encoding@1"
      ]
    },
    "@negrel/webpush@0.5.0": {
      "integrity": "919ed5bf4d676923667c5278093f36ffb2efe7fe2f155b6d32723ea3b73fa693",
      "dependencies": [
        "jsr:@negrel/http-ece",
        "jsr:@std/bytes",
        "jsr:@std/encoding@1"
      ]
    },
    "@std/bytes@1.0.6": {
      "integrity": "f6ac6adbd8ccd99314045f5703e23af0a68d7f7e58364b47d2c7f408aeb5820a"
    },
    "@std/cli@1.0.32": {
      "integrity": "188b3a100d6202d64e3f5bd3d799c7fa4f6d77f92cc65eb7f641c1fa0aa92a66"
    },
    "@std/encoding@1.0.11": {
      "integrity": "e7cef2f0b3153bccc17431e7c864a1de03a4b6d9647389c43e08aaa775d37385"
    },
    "@std/fmt@1.0.10": {
      "integrity": "90dfba288802ac6de82fb31d0917eb9e4450b9925b954d5e51fc29ac07419db5"
    },
    "@std/fs@1.0.24": {
      "integrity": "f3061b45b81673a2bece689da041df32d174be064c89eb6397fb5718d3fb7877",
      "dependencies": [
        "jsr:@std/internal",
        "jsr:@std/path@^1.1.5"
      ]
    },
    "@std/html@1.0.7": {
      "integrity": "175c818905a6e75743c69c251395e273d82698e58cfe7dd76268d70e28b8d8fe"
    },
    "@std/http@1.1.2": {
      "integrity": "1c0473590d5e5b75b30b2be4833c08047dd799aeea35624fd34ec58d67fc9240",
      "dependencies": [
        "jsr:@std/cli",
        "jsr:@std/encoding@^1.0.11",
        "jsr:@std/fmt",
        "jsr:@std/fs@^1.0.24",
        "jsr:@std/html",
        "jsr:@std/media-types",
        "jsr:@std/net",
        "jsr:@std/path@^1.1.6",
        "jsr:@std/streams"
      ]
    },
    "@std/internal@1.0.14": {
      "integrity": "291516b3d4c35024d6ffbc0a9df5bf4c64116e05b50012cf846710152d2ffdf7"
    },
    "@std/media-types@1.1.0": {
      "integrity": "c9d093f0c05c3512932b330e3cc1fe1d627b301db33a4c2c2185c02471d6eaa4"
    },
    "@std/net@1.0.6": {
      "integrity": "110735f93e95bb9feb95790a8b1d1bf69ec0dc74f3f97a00a76ea5efea25500c"
    },
    "@std/path@1.1.6": {
      "integrity": "c68485c2a4dfbb5ae3cc74fae4e8c4e5d874cf8a8ed12927917235c758b46cbe",
      "dependencies": [
        "jsr:@std/internal"
      ]
    },
    "@std/streams@1.1.1": {
      "integrity": "92556d350e537e9dce527a6d08f6f15be3ff65e656079dea69d15252187c7613"
    }
  },
  "redirects": {
    "https://esm.sh/@preact/signals-core@^1.4.0?target=denonext": "https://esm.sh/@preact/signals-core@1.14.4?target=denonext",
    "https://esm.sh/dijkstrajs@^1.0.1?target=denonext": "https://esm.sh/dijkstrajs@1.0.3?target=denonext",
    "https://esm.sh/encode-utf8@^1.0.3?target=denonext": "https://esm.sh/encode-utf8@1.0.3?target=denonext",
    "https://esm.sh/pngjs@^5.0.0?target=denonext": "https://esm.sh/pngjs@5.0.0?target=denonext",
    "https://esm.sh/preact@10.x/hooks?target=denonext": "https://esm.sh/preact@10.29.7/hooks?target=denonext",
    "https://esm.sh/preact@10.x?target=denonext": "https://esm.sh/preact@10.29.7?target=denonext"
  },
  "remote": {
    "https://esm.sh/@material/web@1.5.1/all.js?bundle": "c26297f7fe5bd2fa41e974e5898fb3f6222807a682121912b52d3b6733d8c476",
    "https://esm.sh/@material/web@1.5.1/denonext/all.bundle.mjs": "9a731cf9d59b917731e4a4edf6da2865b9ed62813cc70c25d296d137e293cbd7",
    "https://esm.sh/@preact/signals-core@1.14.4/denonext/signals-core.mjs": "b56b52f81ad99871c491513198aed2fcefe4ae27b6b8c69bd08c2b43913ea6d8",
    "https://esm.sh/@preact/signals-core@1.14.4?target=denonext": "fc2ace510655938a2c29970ebdedf064468976b33ec59b41df5b8c6ed779ce2b",
    "https://esm.sh/@preact/signals@1.2.2": "32d01c41401ae32120546ec8b9036be51ca4e6f07d97ccae347d23ff7c2d6e9c",
    "https://esm.sh/@preact/signals@1.2.2/denonext/signals.mjs": "401cedd3fb0f5becc20ded8b7dd9f83ee2dbf2251590735d06605b1399a4b5b2",
    "https://esm.sh/@types/trusted-types@2.0.7/lib/index.js": "fabf6997a3adf11e45d11e3c4d58d0634ab98f9d72f3116f3694123818ccd457",
    "https://esm.sh/dijkstrajs@1.0.3/denonext/dijkstrajs.mjs": "9b67eef6735999e48f6d65584bda995e13231defe9f1b39061d144caefdc639f",
    "https://esm.sh/dijkstrajs@1.0.3?target=denonext": "1fe91496e9f3733496e88232f618c4b8a2a59a1da1a59a43c9b60cf591e68d4a",
    "https://esm.sh/encode-utf8@1.0.3/denonext/encode-utf8.mjs": "937dc559de55c0a56aba267a9cdca2ca32623892a796fc61d85ad855d2e8127e",
    "https://esm.sh/encode-utf8@1.0.3?target=denonext": "f10976379df42a80a3ce13cbf407c0c1a1e1a21ae9ff448756d8dcd7cac89659",
    "https://esm.sh/fflate@0.8.2": "e0cdd268850b4eac9ef9f188a3b4c5c9dd3ebd0f66c4006a13911b2a0c0512bb",
    "https://esm.sh/fflate@0.8.2/denonext/fflate.mjs": "84afaa7491d754b566dd8608dcc784e7fdd4f0342e2c5b0bd1442e77782ec1a2",
    "https://esm.sh/idb-keyval@6.2.1": "5d100f5a349dbff1e6b4889580c12e35b68b1388cbc117d11a90d7768f20be4f",
    "https://esm.sh/idb-keyval@6.2.1/denonext/idb-keyval.mjs": "82bb3b0e594a5f57d4b017f4a6d1c038d6fe6d88a197e8e0cc445db144b15da7",
    "https://esm.sh/pngjs@5.0.0/denonext/pngjs.mjs": "031efe8b685dd2d8dd492ee49f0cbddc02dc815c6a95f348769a12f005e625cb",
    "https://esm.sh/pngjs@5.0.0?target=denonext": "7821c15edb0826535e6c8c59c6dc52fb190aa6bdecfbf3ecf0dec1339e72f02f",
    "https://esm.sh/preact@10.29.7": "abf0b5cdfb728a6478766261cbbeeb09b2e6b02b385815b123a597826d6e005d",
    "https://esm.sh/preact@10.29.7/denonext/hooks.mjs": "f63290eca9ff61109d7336fd06a48a69c14bdfcda93e87609d109fcaf46197e7",
    "https://esm.sh/preact@10.29.7/denonext/jsx-runtime.mjs": "2d68dc43c7eb612a879a2efa81c5d450eba34b2d650e991472d95a565ae36a87",
    "https://esm.sh/preact@10.29.7/denonext/preact.mjs": "b34f0e592f1975bd90e29d680c2efcfdfc67d2138d49231c424d8c8a676ab895",
    "https://esm.sh/preact@10.29.7/hooks": "ac657d2b4adb381305514bd77cbeac5fe12c67fc5fe9a8b547da138a3a2592c1",
    "https://esm.sh/preact@10.29.7/hooks?target=denonext": "ac657d2b4adb381305514bd77cbeac5fe12c67fc5fe9a8b547da138a3a2592c1",
    "https://esm.sh/preact@10.29.7/jsx-runtime": "e91f1a3af922e702c8afccbaf8497670939fa00fac1ef2ced7a24e187b0f570e",
    "https://esm.sh/preact@10.29.7?target=denonext": "abf0b5cdfb728a6478766261cbbeeb09b2e6b02b385815b123a597826d6e005d",
    "https://esm.sh/qrcode-generator@1.4.4": "d33beb900d8b69ddd66636d59b6eda02f0a0c05c4d68c448f4cd59bd4a6d809c",
    "https://esm.sh/qrcode-generator@1.4.4/denonext/qrcode-generator.mjs": "3196e62534208e54c1d671150b695b788c7d8294a026ff1b1f426734e8e73549",
    "https://esm.sh/qrcode@1.5.3": "56a09b1c1317c4fd6a296695437a365b0613d64e6461d44526b16882417cc5fb",
    "https://esm.sh/qrcode@1.5.3/denonext/qrcode.mjs": "f3d2847ba53052721bc463907cf7ce3ee54435871be233dbbad49671d720266c",
    "https://esm.sh/qrious@4.0.2": "abd6ee25fce219a7f1c3ab573c8abb6a6d5ac73aea11fa115a21211ccc38a0de",
    "https://esm.sh/qrious@4.0.2/denonext/qrious.mjs": "f002e9e916daef016f0993a80b7f370ffdab426fa7e2a0f4b8e281e43721922c"
  },
  "workspace": {
    "dependencies": [
      "jsr:@negrel/webpush@0.5",
      "jsr:@std/assert@1",
      "jsr:@std/fs@1",
      "jsr:@std/http@1",
      "jsr:@std/path@1"
    ],
    "members": {
      "proto/01-push-messaging": {
        "dependencies": [
          "jsr:@negrel/webpush@0.5"
        ]
      },
      "proto/_template": {
        "dependencies": [
          "jsr:@negrel/webpush@0.5"
        ]
      }
    }
  }
}
