{
  "version": "5",
  "specifiers": {
    "jsr:@deno/installer-shell-setup@*": "0.3.4"
  },
  "jsr": {
    "@deno/installer-shell-setup@0.3.4": {
      "integrity": "48665d1a737d487cce6874bc97bba70a5aeffa7053aca3f60df93c6fab8963b4"
    }
  },
  "workspace": {
    "dependencies": [
      "jsr:@libs/qrcode@1",
      "jsr:@libs/web-push@0",
      "jsr:@std/assert@1",
      "jsr:@std/path@1"
    ]
  }
}
