{
  "version": "5",
  "specifiers": {
    "jsr:@deno/installer-shell-setup@*": "0.3.4",
    "jsr:@negrel/http-ece@0.7.0": "0.7.0",
    "jsr:@negrel/webpush@0.5": "0.5.0",
    "jsr:@std/assert@1": "1.0.19",
    "jsr:@std/bytes@1": "1.0.6",
    "jsr:@std/cli@^1.0.31": "1.0.32",
    "jsr:@std/encoding@1": "1.0.11",
    "jsr:@std/encoding@^1.0.11": "1.0.11",
    "jsr:@std/fmt@^1.0.10": "1.0.10",
    "jsr:@std/fs@*": "1.0.24",
    "jsr:@std/fs@1": "1.0.24",
    "jsr:@std/fs@^1.0.24": "1.0.24",
    "jsr:@std/html@^1.0.7": "1.0.7",
    "jsr:@std/http@1": "1.1.2",
    "jsr:@std/internal@^1.0.12": "1.0.14",
    "jsr:@std/internal@^1.0.14": "1.0.14",
    "jsr:@std/media-types@^1.1.0": "1.1.0",
    "jsr:@std/net@^1.0.6": "1.0.6",
    "jsr:@std/path@*": "1.1.6",
    "jsr:@std/path@1": "1.1.6",
    "jsr:@std/path@^1.1.5": "1.1.6",
    "jsr:@std/path@^1.1.6": "1.1.6",
    "jsr:@std/streams@^1.1.1": "1.1.1"
  },
  "jsr": {
    "@deno/installer-shell-setup@0.3.4": {
      "integrity": "48665d1a737d487cce6874bc97bba70a5aeffa7053aca3f60df93c6fab8963b4"
    },
    "@negrel/http-ece@0.7.0": {
      "integrity": "068e61ba6f52da5454051a283cc19621607f8dd6e74d55c01bb365b8c6644076",
      "dependencies": [
        "jsr:@std/bytes",
        "jsr:@std/encoding@1"
      ]
    },
    "@negrel/webpush@0.5.0": {
      "integrity": "919ed5bf4d676923667c5278093f36ffb2efe7fe2f155b6d32723ea3b73fa693",
      "dependencies": [
        "jsr:@negrel/http-ece",
        "jsr:@std/bytes",
        "jsr:@std/encoding@1"
      ]
    },
    "@std/assert@1.0.19": {
      "integrity": "eaada96ee120cb980bc47e040f82814d786fe8162ecc53c91d8df60b8755991e",
      "dependencies": [
        "jsr:@std/internal@^1.0.12"
      ]
    },
    "@std/bytes@1.0.6": {
      "integrity": "f6ac6adbd8ccd99314045f5703e23af0a68d7f7e58364b47d2c7f408aeb5820a"
    },
    "@std/cli@1.0.32": {
      "integrity": "188b3a100d6202d64e3f5bd3d799c7fa4f6d77f92cc65eb7f641c1fa0aa92a66"
    },
    "@std/encoding@1.0.11": {
      "integrity": "e7cef2f0b3153bccc17431e7c864a1de03a4b6d9647389c43e08aaa775d37385"
    },
    "@std/fmt@1.0.10": {
      "integrity": "90dfba288802ac6de82fb31d0917eb9e4450b9925b954d5e51fc29ac07419db5"
    },
    "@std/fs@1.0.24": {
      "integrity": "f3061b45b81673a2bece689da041df32d174be064c89eb6397fb5718d3fb7877",
      "dependencies": [
        "jsr:@std/internal@^1.0.14",
        "jsr:@std/path@^1.1.5"
      ]
    },
    "@std/html@1.0.7": {
      "integrity": "175c818905a6e75743c69c251395e273d82698e58cfe7dd76268d70e28b8d8fe"
    },
    "@std/http@1.1.2": {
      "integrity": "1c0473590d5e5b75b30b2be4833c08047dd799aeea35624fd34ec58d67fc9240",
      "dependencies": [
        "jsr:@std/cli",
        "jsr:@std/encoding@^1.0.11",
        "jsr:@std/fmt",
        "jsr:@std/fs@^1.0.24",
        "jsr:@std/html",
        "jsr:@std/media-types",
        "jsr:@std/net",
        "jsr:@std/path@^1.1.6",
        "jsr:@std/streams"
      ]
    },
    "@std/internal@1.0.14": {
      "integrity": "291516b3d4c35024d6ffbc0a9df5bf4c64116e05b50012cf846710152d2ffdf7"
    },
    "@std/media-types@1.1.0": {
      "integrity": "c9d093f0c05c3512932b330e3cc1fe1d627b301db33a4c2c2185c02471d6eaa4"
    },
    "@std/net@1.0.6": {
      "integrity": "110735f93e95bb9feb95790a8b1d1bf69ec0dc74f3f97a00a76ea5efea25500c"
    },
    "@std/path@1.1.6": {
      "integrity": "c68485c2a4dfbb5ae3cc74fae4e8c4e5d874cf8a8ed12927917235c758b46cbe",
      "dependencies": [
        "jsr:@std/internal@^1.0.14"
      ]
    },
    "@std/streams@1.1.1": {
      "integrity": "92556d350e537e9dce527a6d08f6f15be3ff65e656079dea69d15252187c7613"
    }
  },
  "redirects": {
    "https://esm.sh/@preact/signals-core@^1.4.0?target=denonext": "https://esm.sh/@preact/signals-core@1.14.4?target=denonext",
    "https://esm.sh/dijkstrajs@^1.0.1?target=denonext": "https://esm.sh/dijkstrajs@1.0.3?target=denonext",
    "https://esm.sh/encode-utf8@^1.0.3?target=denonext": "https://esm.sh/encode-utf8@1.0.3?target=denonext",
    "https://esm.sh/pngjs@^5.0.0?target=denonext": "https://esm.sh/pngjs@5.0.0?target=denonext",
    "https://esm.sh/preact@10.x/hooks?target=denonext": "https://esm.sh/preact@10.29.7/hooks?target=denonext",
    "https://esm.sh/preact@10.x?target=denonext": "https://esm.sh/preact@10.29.7?target=denonext"
  },
  "remote": {
    "https://deno.land/std@0.208.0/assert/_constants.ts": "8a9da298c26750b28b326b297316cdde860bc237533b07e1337c021379e6b2a9",
    "https://deno.land/std@0.208.0/assert/_diff.ts": "58e1461cc61d8eb1eacbf2a010932bf6a05b79344b02ca38095f9b805795dc48",
    "https://deno.land/std@0.208.0/assert/_format.ts": "a69126e8a469009adf4cf2a50af889aca364c349797e63174884a52ff75cf4c7",
    "https://deno.land/std@0.208.0/assert/assert.ts": "9a97dad6d98c238938e7540736b826440ad8c1c1e54430ca4c4e623e585607ee",
    "https://deno.land/std@0.208.0/assert/assert_almost_equals.ts": "e15ca1f34d0d5e0afae63b3f5d975cbd18335a132e42b0c747d282f62ad2cd6c",
    "https://deno.land/std@0.208.0/assert/assert_array_includes.ts": "6856d7f2c3544bc6e62fb4646dfefa3d1df5ff14744d1bca19f0cbaf3b0d66c9",
    "https://deno.land/std@0.208.0/assert/assert_equals.ts": "d8ec8a22447fbaf2fc9d7c3ed2e66790fdb74beae3e482855d75782218d68227",
    "https://deno.land/std@0.208.0/assert/assert_exists.ts": "407cb6b9fb23a835cd8d5ad804e2e2edbbbf3870e322d53f79e1c7a512e2efd7",
    "https://deno.land/std@0.208.0/assert/assert_false.ts": "0ccbcaae910f52c857192ff16ea08bda40fdc79de80846c206bfc061e8c851c6",
    "https://deno.land/std@0.208.0/assert/assert_greater.ts": "ae2158a2d19313bf675bf7251d31c6dc52973edb12ac64ac8fc7064152af3e63",
    "https://deno.land/std@0.208.0/assert/assert_greater_or_equal.ts": "1439da5ebbe20855446cac50097ac78b9742abe8e9a43e7de1ce1426d556e89c",
    "https://deno.land/std@0.208.0/assert/assert_instance_of.ts": "3aedb3d8186e120812d2b3a5dea66a6e42bf8c57a8bd927645770bd21eea554c",
    "https://deno.land/std@0.208.0/assert/assert_is_error.ts": "c21113094a51a296ffaf036767d616a78a2ae5f9f7bbd464cd0197476498b94b",
    "https://deno.land/std@0.208.0/assert/assert_less.ts": "aec695db57db42ec3e2b62e97e1e93db0063f5a6ec133326cc290ff4b71b47e4",
    "https://deno.land/std@0.208.0/assert/assert_less_or_equal.ts": "5fa8b6a3ffa20fd0a05032fe7257bf985d207b85685fdbcd23651b70f928c848",
    "https://deno.land/std@0.208.0/assert/assert_match.ts": "c4083f80600bc190309903c95e397a7c9257ff8b5ae5c7ef91e834704e672e9b",
    "https://deno.land/std@0.208.0/assert/assert_not_equals.ts": "9f1acab95bd1f5fc9a1b17b8027d894509a745d91bac1718fdab51dc76831754",
    "https://deno.land/std@0.208.0/assert/assert_not_instance_of.ts": "0c14d3dfd9ab7a5276ed8ed0b18c703d79a3d106102077ec437bfe7ed912bd22",
    "https://deno.land/std@0.208.0/assert/assert_not_match.ts": "3796a5b0c57a1ce6c1c57883dd4286be13a26f715ea662318ab43a8491a13ab0",
    "https://deno.land/std@0.208.0/assert/assert_not_strict_equals.ts": "4cdef83df17488df555c8aac1f7f5ec2b84ad161b6d0645ccdbcc17654e80c99",
    "https://deno.land/std@0.208.0/assert/assert_object_match.ts": "d8fc2867cfd92eeacf9cea621e10336b666de1874a6767b5ec48988838370b54",
    "https://deno.land/std@0.208.0/assert/assert_rejects.ts": "45c59724de2701e3b1f67c391d6c71c392363635aad3f68a1b3408f9efca0057",
    "https://deno.land/std@0.208.0/assert/assert_strict_equals.ts": "b1f538a7ea5f8348aeca261d4f9ca603127c665e0f2bbfeb91fa272787c87265",
    "https://deno.land/std@0.208.0/assert/assert_string_includes.ts": "b821d39ebf5cb0200a348863c86d8c4c4b398e02012ce74ad15666fc4b631b0c",
    "https://deno.land/std@0.208.0/assert/assert_throws.ts": "63784e951475cb7bdfd59878cd25a0931e18f6dc32a6077c454b2cd94f4f4bcd",
    "https://deno.land/std@0.208.0/assert/assertion_error.ts": "4d0bde9b374dfbcbe8ac23f54f567b77024fb67dbb1906a852d67fe050d42f56",
    "https://deno.land/std@0.208.0/assert/equal.ts": "9f1a46d5993966d2596c44e5858eec821859b45f783a5ee2f7a695dfc12d8ece",
    "https://deno.land/std@0.208.0/assert/fail.ts": "c36353d7ae6e1f7933d45f8ea51e358c8c4b67d7e7502028598fe1fea062e278",
    "https://deno.land/std@0.208.0/assert/mod.ts": "37c49a26aae2b254bbe25723434dc28cd7532e444cf0b481a97c045d110ec085",
    "https://deno.land/std@0.208.0/assert/unimplemented.ts": "d56fbeecb1f108331a380f72e3e010a1f161baa6956fd0f7cf3e095ae1a4c75a",
    "https://deno.land/std@0.208.0/assert/unreachable.ts": "4600dc0baf7d9c15a7f7d234f00c23bca8f3eba8b140286aaca7aa998cf9a536",
    "https://deno.land/std@0.208.0/fmt/colors.ts": "34b3f77432925eb72cf0bfb351616949746768620b8e5ead66da532f93d10ba2",
    "https://deno.land/std@0.224.0/assert/_constants.ts": "a271e8ef5a573f1df8e822a6eb9d09df064ad66a4390f21b3e31f820a38e0975",
    "https://deno.land/std@0.224.0/assert/assert.ts": "09d30564c09de846855b7b071e62b5974b001bb72a4b797958fe0660e7849834",
    "https://deno.land/std@0.224.0/assert/assert_almost_equals.ts": "9e416114322012c9a21fa68e187637ce2d7df25bcbdbfd957cd639e65d3cf293",
    "https://deno.land/std@0.224.0/assert/assert_array_includes.ts": "14c5094471bc8e4a7895fc6aa5a184300d8a1879606574cb1cd715ef36a4a3c7",
    "https://deno.land/std@0.224.0/assert/assert_equals.ts": "3bbca947d85b9d374a108687b1a8ba3785a7850436b5a8930d81f34a32cb8c74",
    "https://deno.land/std@0.224.0/assert/assert_exists.ts": "43420cf7f956748ae6ed1230646567b3593cb7a36c5a5327269279c870c5ddfd",
    "https://deno.land/std@0.224.0/assert/assert_false.ts": "3e9be8e33275db00d952e9acb0cd29481a44fa0a4af6d37239ff58d79e8edeff",
    "https://deno.land/std@0.224.0/assert/assert_greater.ts": "5e57b201fd51b64ced36c828e3dfd773412c1a6120c1a5a99066c9b261974e46",
    "https://deno.land/std@0.224.0/assert/assert_greater_or_equal.ts": "9870030f997a08361b6f63400273c2fb1856f5db86c0c3852aab2a002e425c5b",
    "https://deno.land/std@0.224.0/assert/assert_instance_of.ts": "e22343c1fdcacfaea8f37784ad782683ec1cf599ae9b1b618954e9c22f376f2c",
    "https://deno.land/std@0.224.0/assert/assert_is_error.ts": "f856b3bc978a7aa6a601f3fec6603491ab6255118afa6baa84b04426dd3cc491",
    "https://deno.land/std@0.224.0/assert/assert_less.ts": "60b61e13a1982865a72726a5fa86c24fad7eb27c3c08b13883fb68882b307f68",
    "https://deno.land/std@0.224.0/assert/assert_less_or_equal.ts": "d2c84e17faba4afe085e6c9123a63395accf4f9e00150db899c46e67420e0ec3",
    "https://deno.land/std@0.224.0/assert/assert_match.ts": "ace1710dd3b2811c391946954234b5da910c5665aed817943d086d4d4871a8b7",
    "https://deno.land/std@0.224.0/assert/assert_not_equals.ts": "78d45dd46133d76ce624b2c6c09392f6110f0df9b73f911d20208a68dee2ef29",
    "https://deno.land/std@0.224.0/assert/assert_not_instance_of.ts": "3434a669b4d20cdcc5359779301a0588f941ffdc2ad68803c31eabdb4890cf7a",
    "https://deno.land/std@0.224.0/assert/assert_not_match.ts": "df30417240aa2d35b1ea44df7e541991348a063d9ee823430e0b58079a72242a",
    "https://deno.land/std@0.224.0/assert/assert_not_strict_equals.ts": "37f73880bd672709373d6dc2c5f148691119bed161f3020fff3548a0496f71b8",
    "https://deno.land/std@0.224.0/assert/assert_object_match.ts": "411450fd194fdaabc0089ae68f916b545a49d7b7e6d0026e84a54c9e7eed2693",
    "https://deno.land/std@0.224.0/assert/assert_rejects.ts": "4bee1d6d565a5b623146a14668da8f9eb1f026a4f338bbf92b37e43e0aa53c31",
    "https://deno.land/std@0.224.0/assert/assert_strict_equals.ts": "b4f45f0fd2e54d9029171876bd0b42dd9ed0efd8f853ab92a3f50127acfa54f5",
    "https://deno.land/std@0.224.0/assert/assert_string_includes.ts": "496b9ecad84deab72c8718735373feb6cdaa071eb91a98206f6f3cb4285e71b8",
    "https://deno.land/std@0.224.0/assert/assert_throws.ts": "c6508b2879d465898dab2798009299867e67c570d7d34c90a2d235e4553906eb",
    "https://deno.land/std@0.224.0/assert/assertion_error.ts": "ba8752bd27ebc51f723702fac2f54d3e94447598f54264a6653d6413738a8917",
    "https://deno.land/std@0.224.0/assert/equal.ts": "bddf07bb5fc718e10bb72d5dc2c36c1ce5a8bdd3b647069b6319e07af181ac47",
    "https://deno.land/std@0.224.0/assert/fail.ts": "0eba674ffb47dff083f02ced76d5130460bff1a9a68c6514ebe0cdea4abadb68",
    "https://deno.land/std@0.224.0/assert/mod.ts": "48b8cb8a619ea0b7958ad7ee9376500fe902284bb36f0e32c598c3dc34cbd6f3",
    "https://deno.land/std@0.224.0/assert/unimplemented.ts": "8c55a5793e9147b4f1ef68cd66496b7d5ba7a9e7ca30c6da070c1a58da723d73",
    "https://deno.land/std@0.224.0/assert/unreachable.ts": "5ae3dbf63ef988615b93eb08d395dda771c96546565f9e521ed86f6510c29e19",
    "https://deno.land/std@0.224.0/fmt/colors.ts": "508563c0659dd7198ba4bbf87e97f654af3c34eb56ba790260f252ad8012e1c5",
    "https://deno.land/std@0.224.0/internal/diff.ts": "6234a4b493ebe65dc67a18a0eb97ef683626a1166a1906232ce186ae9f65f4e6",
    "https://deno.land/std@0.224.0/internal/format.ts": "0a98ee226fd3d43450245b1844b47003419d34d210fa989900861c79820d21c2",
    "https://deno.land/std@0.224.0/internal/mod.ts": "534125398c8e7426183e12dc255bb635d94e06d0f93c60a297723abe69d3b22e",
    "https://esm.sh/@material/web@1.5.1/all.js?bundle": "c26297f7fe5bd2fa41e974e5898fb3f6222807a682121912b52d3b6733d8c476",
    "https://esm.sh/@material/web@1.5.1/denonext/all.bundle.mjs": "9a731cf9d59b917731e4a4edf6da2865b9ed62813cc70c25d296d137e293cbd7",
    "https://esm.sh/@preact/signals-core@1.14.4/denonext/signals-core.mjs": "b56b52f81ad99871c491513198aed2fcefe4ae27b6b8c69bd08c2b43913ea6d8",
    "https://esm.sh/@preact/signals-core@1.14.4?target=denonext": "fc2ace510655938a2c29970ebdedf064468976b33ec59b41df5b8c6ed779ce2b",
    "https://esm.sh/@preact/signals@1.2.2": "32d01c41401ae32120546ec8b9036be51ca4e6f07d97ccae347d23ff7c2d6e9c",
    "https://esm.sh/@preact/signals@1.2.2/denonext/signals.mjs": "401cedd3fb0f5becc20ded8b7dd9f83ee2dbf2251590735d06605b1399a4b5b2",
    "https://esm.sh/@types/trusted-types@2.0.7/lib/index.js": "fabf6997a3adf11e45d11e3c4d58d0634ab98f9d72f3116f3694123818ccd457",
    "https://esm.sh/dijkstrajs@1.0.3/denonext/dijkstrajs.mjs": "9b67eef6735999e48f6d65584bda995e13231defe9f1b39061d144caefdc639f",
    "https://esm.sh/dijkstrajs@1.0.3?target=denonext": "1fe91496e9f3733496e88232f618c4b8a2a59a1da1a59a43c9b60cf591e68d4a",
    "https://esm.sh/encode-utf8@1.0.3/denonext/encode-utf8.mjs": "937dc559de55c0a56aba267a9cdca2ca32623892a796fc61d85ad855d2e8127e",
    "https://esm.sh/encode-utf8@1.0.3?target=denonext": "f10976379df42a80a3ce13cbf407c0c1a1e1a21ae9ff448756d8dcd7cac89659",
    "https://esm.sh/fflate@0.8.2": "e0cdd268850b4eac9ef9f188a3b4c5c9dd3ebd0f66c4006a13911b2a0c0512bb",
    "https://esm.sh/fflate@0.8.2/denonext/fflate.mjs": "84afaa7491d754b566dd8608dcc784e7fdd4f0342e2c5b0bd1442e77782ec1a2",
    "https://esm.sh/idb-keyval@6.2.1": "5d100f5a349dbff1e6b4889580c12e35b68b1388cbc117d11a90d7768f20be4f",
    "https://esm.sh/idb-keyval@6.2.1/denonext/idb-keyval.mjs": "82bb3b0e594a5f57d4b017f4a6d1c038d6fe6d88a197e8e0cc445db144b15da7",
    "https://esm.sh/pngjs@5.0.0/denonext/pngjs.mjs": "031efe8b685dd2d8dd492ee49f0cbddc02dc815c6a95f348769a12f005e625cb",
    "https://esm.sh/pngjs@5.0.0?target=denonext": "7821c15edb0826535e6c8c59c6dc52fb190aa6bdecfbf3ecf0dec1339e72f02f",
    "https://esm.sh/preact@10.29.7": "abf0b5cdfb728a6478766261cbbeeb09b2e6b02b385815b123a597826d6e005d",
    "https://esm.sh/preact@10.29.7/denonext/hooks.mjs": "f63290eca9ff61109d7336fd06a48a69c14bdfcda93e87609d109fcaf46197e7",
    "https://esm.sh/preact@10.29.7/denonext/jsx-runtime.mjs": "2d68dc43c7eb612a879a2efa81c5d450eba34b2d650e991472d95a565ae36a87",
    "https://esm.sh/preact@10.29.7/denonext/preact.mjs": "b34f0e592f1975bd90e29d680c2efcfdfc67d2138d49231c424d8c8a676ab895",
    "https://esm.sh/preact@10.29.7/hooks": "ac657d2b4adb381305514bd77cbeac5fe12c67fc5fe9a8b547da138a3a2592c1",
    "https://esm.sh/preact@10.29.7/hooks?target=denonext": "ac657d2b4adb381305514bd77cbeac5fe12c67fc5fe9a8b547da138a3a2592c1",
    "https://esm.sh/preact@10.29.7/jsx-runtime": "e91f1a3af922e702c8afccbaf8497670939fa00fac1ef2ced7a24e187b0f570e",
    "https://esm.sh/preact@10.29.7?target=denonext": "abf0b5cdfb728a6478766261cbbeeb09b2e6b02b385815b123a597826d6e005d",
    "https://esm.sh/qrcode-generator@1.4.4": "d33beb900d8b69ddd66636d59b6eda02f0a0c05c4d68c448f4cd59bd4a6d809c",
    "https://esm.sh/qrcode-generator@1.4.4/denonext/qrcode-generator.mjs": "3196e62534208e54c1d671150b695b788c7d8294a026ff1b1f426734e8e73549",
    "https://esm.sh/qrcode@1.5.3": "56a09b1c1317c4fd6a296695437a365b0613d64e6461d44526b16882417cc5fb",
    "https://esm.sh/qrcode@1.5.3/denonext/qrcode.mjs": "f3d2847ba53052721bc463907cf7ce3ee54435871be233dbbad49671d720266c",
    "https://esm.sh/qrious@4.0.2": "abd6ee25fce219a7f1c3ab573c8abb6a6d5ac73aea11fa115a21211ccc38a0de",
    "https://esm.sh/qrious@4.0.2/denonext/qrious.mjs": "f002e9e916daef016f0993a80b7f370ffdab426fa7e2a0f4b8e281e43721922c"
  },
  "workspace": {
    "dependencies": [
      "jsr:@negrel/webpush@0.5",
      "jsr:@std/assert@1",
      "jsr:@std/fs@1",
      "jsr:@std/http@1",
      "jsr:@std/path@1"
    ],
    "members": {
      "proto/01-push-messaging": {
        "dependencies": [
          "jsr:@negrel/webpush@0.5"
        ]
      },
      "proto/_template": {
        "dependencies": [
          "jsr:@negrel/webpush@0.5"
        ]
      }
    }
  }
}
